// !$*UTF8*$!
{
	archiveVersion = 1;
	classes = {
	};
	objectVersion = 55;
	objects = {

/* Begin PBXBuildFile section */
		4731F22727D2483800B7D1BF /* UI_493App.swift in Sources */ = {isa = PBXBuildFile; fileRef = 4731F22627D2483800B7D1BF /* UI_493App.swift */; };
		4731F22927D2483800B7D1BF /* ContentView.swift in Sources */ = {isa = PBXBuildFile; fileRef = 4731F22827D2483800B7D1BF /* ContentView.swift */; };
		4731F22B27D2483900B7D1BF /* Assets.xcassets in Resources */ = {isa = PBXBuildFile; fileRef = 4731F22A27D2483900B7D1BF /* Assets.xcassets */; };
		4731F22E27D2483900B7D1BF /* Preview Assets.xcassets in Resources */ = {isa = PBXBuildFile; fileRef = 4731F22D27D2483900B7D1BF /* Preview Assets.xcassets */; };
		4731F23827D2483900B7D1BF /* UI_493Tests.swift in Sources */ = {isa = PBXBuildFile; fileRef = 4731F23727D2483900B7D1BF /* UI_493Tests.swift */; };
		4731F24227D2483900B7D1BF /* UI_493UITests.swift in Sources */ = {isa = PBXBuildFile; fileRef = 4731F24127D2483900B7D1BF /* UI_493UITests.swift */; };
		4731F24427D2483900B7D1BF /* UI_493UITestsLaunchTests.swift in Sources */ = {isa = PBXBuildFile; fileRef = 4731F24327D2483900B7D1BF /* UI_493UITestsLaunchTests.swift */; };
		4731F25227D248B800B7D1BF /* Home.swift in Sources */ = {isa = PBXBuildFile; fileRef = 4731F25127D248B800B7D1BF /* Home.swift */; };
		4731F25427D24BDC00B7D1BF /* OffsetModifier.swift in Sources */ = {isa = PBXBuildFile; fileRef = 4731F25327D24BDC00B7D1BF /* OffsetModifier.swift */; };
/* End PBXBuildFile section */

/* Begin PBXContainerItemProxy section */
		4731F23427D2483900B7D1BF /* PBXContainerItemProxy */ = {
			isa = PBXContainerItemProxy;
			containerPortal = 4731F21B27D2483800B7D1BF /* Project object */;
			proxyType = 1;
			remoteGlobalIDString = 4731F22227D2483800B7D1BF;
			remoteInfo = "UI-493";
		};
		4731F23E27D2483900B7D1BF /* PBXContainerItemProxy */ = {
			isa = PBXContainerItemProxy;
			containerPortal = 4731F21B27D2483800B7D1BF /* Project object */;
			proxyType = 1;
			remoteGlobalIDString = 4731F22227D2483800B7D1BF;
			remoteInfo = "UI-493";
		};
/* End PBXContainerItemProxy section */

/* Begin PBXFileReference section */
		4731F22327D2483800B7D1BF /* UI-493.app */ = {isa = PBXFileReference; explicitFileType = wrapper.application; includeInIndex = 0; path = "UI-493.app"; sourceTree = BUILT_PRODUCTS_DIR; };
		4731F22627D2483800B7D1BF /* UI_493App.swift */ = {isa = PBXFileReference; lastKnownFileType = sourcecode.swift; path = UI_493App.swift; sourceTree = "<group>"; };
		4731F22827D2483800B7D1BF /* ContentView.swift */ = {isa = PBXFileReference; lastKnownFileType = sourcecode.swift; path = ContentView.swift; sourceTree = "<group>"; };
		4731F22A27D2483900B7D1BF /* Assets.xcassets */ = {isa = PBXFileReference; lastKnownFileType = folder.assetcatalog; path = Assets.xcassets; sourceTree = "<group>"; };
		4731F22D27D2483900B7D1BF /* Preview Assets.xcassets */ = {isa = PBXFileReference; lastKnownFileType = folder.assetcatalog; path = "Preview Assets.xcassets"; sourceTree = "<group>"; };
		4731F23327D2483900B7D1BF /* UI-493Tests.xctest */ = {isa = PBXFileReference; explicitFileType = wrapper.cfbundle; includeInIndex = 0; path = "UI-493Tests.xctest"; sourceTree = BUILT_PRODUCTS_DIR; };
		4731F23727D2483900B7D1BF /* UI_493Tests.swift */ = {isa = PBXFileReference; lastKnownFileType = sourcecode.swift; path = UI_493Tests.swift; sourceTree = "<group>"; };
		4731F23D27D2483900B7D1BF /* UI-493UITests.xctest */ = {isa = PBXFileReference; explicitFileType = wrapper.cfbundle; includeInIndex = 0; path = "UI-493UITests.xctest"; sourceTree = BUILT_PRODUCTS_DIR; };
		4731F24127D2483900B7D1BF /* UI_493UITests.swift */ = {isa = PBXFileReference; lastKnownFileType = sourcecode.swift; path = UI_493UITests.swift; sourceTree = "<group>"; };
		4731F24327D2483900B7D1BF /* UI_493UITestsLaunchTests.swift */ = {isa = PBXFileReference; lastKnownFileType = sourcecode.swift; path = UI_493UITestsLaunchTests.swift; sourceTree = "<group>"; };
		4731F25127D248B800B7D1BF /* Home.swift */ = {isa = PBXFileReference; lastKnownFileType = sourcecode.swift; path = Home.swift; sourceTree = "<group>"; };
		4731F25327D24BDC00B7D1BF /* OffsetModifier.swift */ = {isa = PBXFileReference; lastKnownFileType = sourcecode.swift; path = OffsetModifier.swift; sourceTree = "<group>"; };
/* End PBXFileReference section */

/* Begin PBXFrameworksBuildPhase section */
		4731F22027D2483800B7D1BF /* Frameworks */ = {
			isa = PBXFrameworksBuildPhase;
			buildActionMask = 2147483647;
			files = (
			);
			runOnlyForDeploymentPostprocessing = 0;
		};
		4731F23027D2483900B7D1BF /* Frameworks */ = {
			isa = PBXFrameworksBuildPhase;
			buildActionMask = 2147483647;
			files = (
			);
			runOnlyForDeploymentPostprocessing = 0;
		};
		4731F23A27D2483900B7D1BF /* Frameworks */ = {
			isa = PBXFrameworksBuildPhase;
			buildActionMask = 2147483647;
			files = (
			);
			runOnlyForDeploymentPostprocessing = 0;
		};
/* End PBXFrameworksBuildPhase section */

/* Begin PBXGroup section */
		4731F21A27D2483800B7D1BF = {
			isa = PBXGroup;
			children = (
				4731F22527D2483800B7D1BF /* UI-493 */,
				4731F23627D2483900B7D1BF /* UI-493Tests */,
				4731F24027D2483900B7D1BF /* UI-493UITests */,
				4731F22427D2483800B7D1BF /* Products */,
			);
			sourceTree = "<group>";
		};
		4731F22427D2483800B7D1BF /* Products */ = {
			isa = PBXGroup;
			children = (
				4731F22327D2483800B7D1BF /* UI-493.app */,
				4731F23327D2483900B7D1BF /* UI-493Tests.xctest */,
				4731F23D27D2483900B7D1BF /* UI-493UITests.xctest */,
			);
			name = Products;
			sourceTree = "<group>";
		};
		4731F22527D2483800B7D1BF /* UI-493 */ = {
			isa = PBXGroup;
			children = (
				4731F25027D248AD00B7D1BF /* View */,
				4731F22627D2483800B7D1BF /* UI_493App.swift */,
				4731F22827D2483800B7D1BF /* ContentView.swift */,
				4731F22A27D2483900B7D1BF /* Assets.xcassets */,
				4731F22C27D2483900B7D1BF /* Preview Content */,
			);
			path = "UI-493";
			sourceTree = "<group>";
		};
		4731F22C27D2483900B7D1BF /* Preview Content */ = {
			isa = PBXGroup;
			children = (
				4731F22D27D2483900B7D1BF /* Preview Assets.xcassets */,
			);
			path = "Preview Content";
			sourceTree = "<group>";
		};
		4731F23627D2483900B7D1BF /* UI-493Tests */ = {
			isa = PBXGroup;
			children = (
				4731F23727D2483900B7D1BF /* UI_493Tests.swift */,
			);
			path = "UI-493Tests";
			sourceTree = "<group>";
		};
		4731F24027D2483900B7D1BF /* UI-493UITests */ = {
			isa = PBXGroup;
			children = (
				4731F24127D2483900B7D1BF /* UI_493UITests.swift */,
				4731F24327D2483900B7D1BF /* UI_493UITestsLaunchTests.swift */,
			);
			path = "UI-493UITests";
			sourceTree = "<group>";
		};
		4731F25027D248AD00B7D1BF /* View */ = {
			isa = PBXGroup;
			children = (
				4731F25127D248B800B7D1BF /* Home.swift */,
				4731F25327D24BDC00B7D1BF /* OffsetModifier.swift */,
			);
			path = View;
			sourceTree = "<group>";
		};
/* End PBXGroup section */

/* Begin PBXNativeTarget section */
		4731F22227D2483800B7D1BF /* UI-493 */ = {
			isa = PBXNativeTarget;
			buildConfigurationList = 4731F24727D2483900B7D1BF /* Build configuration list for PBXNativeTarget "UI-493" */;
			buildPhases = (
				4731F21F27D2483800B7D1BF /* Sources */,
				4731F22027D2483800B7D1BF /* Frameworks */,
				4731F22127D2483800B7D1BF /* Resources */,
			);
			buildRules = (
			);
			dependencies = (
			);
			name = "UI-493";
			productName = "UI-493";
			productReference = 4731F22327D2483800B7D1BF /* UI-493.app */;
			productType = "com.apple.product-type.application";
		};
		4731F23227D2483900B7D1BF /* UI-493Tests */ = {
			isa = PBXNativeTarget;
			buildConfigurationList = 4731F24A27D2483900B7D1BF /* Build configuration list for PBXNativeTarget "UI-493Tests" */;
			buildPhases = (
				4731F22F27D2483900B7D1BF /* Sources */,
				4731F23027D2483900B7D1BF /* Frameworks */,
				4731F23127D2483900B7D1BF /* Resources */,
			);
			buildRules = (
			);
			dependencies = (
				4731F23527D2483900B7D1BF /* PBXTargetDependency */,
			);
			name = "UI-493Tests";
			productName = "UI-493Tests";
			productReference = 4731F23327D2483900B7D1BF /* UI-493Tests.xctest */;
			productType = "com.apple.product-type.bundle.unit-test";
		};
		4731F23C27D2483900B7D1BF /* UI-493UITests */ = {
			isa = PBXNativeTarget;
			buildConfigurationList = 4731F24D27D2483900B7D1BF /* Build configuration list for PBXNativeTarget "UI-493UITests" */;
			buildPhases = (
				4731F23927D2483900B7D1BF /* Sources */,
				4731F23A27D2483900B7D1BF /* Frameworks */,
				4731F23B27D2483900B7D1BF /* Resources */,
			);
			buildRules = (
			);
			dependencies = (
				4731F23F27D2483900B7D1BF /* PBXTargetDependency */,
			);
			name = "UI-493UITests";
			productName = "UI-493UITests";
			productReference = 4731F23D27D2483900B7D1BF /* UI-493UITests.xctest */;
			productType = "com.apple.product-type.bundle.ui-testing";
		};
/* End PBXNativeTarget section */

/* Begin PBXProject section */
		4731F21B27D2483800B7D1BF /* Project object */ = {
			isa = PBXProject;
			attributes = {
				BuildIndependentTargetsInParallel = 1;
				LastSwiftUpdateCheck = 1330;
				LastUpgradeCheck = 1330;
				TargetAttributes = {
					4731F22227D2483800B7D1BF = {
						CreatedOnToolsVersion = 13.3;
					};
					4731F23227D2483900B7D1BF = {
						CreatedOnToolsVersion = 13.3;
						TestTargetID = 4731F22227D2483800B7D1BF;
					};
					4731F23C27D2483900B7D1BF = {
						CreatedOnToolsVersion = 13.3;
						TestTargetID = 4731F22227D2483800B7D1BF;
					};
				};
			};
			buildConfigurationList = 4731F21E27D2483800B7D1BF /* Build configuration list for PBXProject "UI-493" */;
			compatibilityVersion = "Xcode 13.0";
			developmentRegion = en;
			hasScannedForEncodings = 0;
			knownRegions = (
				en,
				Base,
			);
			mainGroup = 4731F21A27D2483800B7D1BF;
			productRefGroup = 4731F22427D2483800B7D1BF /* Products */;
			projectDirPath = "";
			projectRoot = "";
			targets = (
				4731F22227D2483800B7D1BF /* UI-493 */,
				4731F23227D2483900B7D1BF /* UI-493Tests */,
				4731F23C27D2483900B7D1BF /* UI-493UITests */,
			);
		};
/* End PBXProject section */

/* Begin PBXResourcesBuildPhase section */
		4731F22127D2483800B7D1BF /* Resources */ = {
			isa = PBXResourcesBuildPhase;
			buildActionMask = 2147483647;
			files = (
				4731F22E27D2483900B7D1BF /* Preview Assets.xcassets in Resources */,
				4731F22B27D2483900B7D1BF /* Assets.xcassets in Resources */,
			);
			runOnlyForDeploymentPostprocessing = 0;
		};
		4731F23127D2483900B7D1BF /* Resources */ = {
			isa = PBXResourcesBuildPhase;
			buildActionMask = 2147483647;
			files = (
			);
			runOnlyForDeploymentPostprocessing = 0;
		};
		4731F23B27D2483900B7D1BF /* Resources */ = {
			isa = PBXResourcesBuildPhase;
			buildActionMask = 2147483647;
			files = (
			);
			runOnlyForDeploymentPostprocessing = 0;
		};
/* End PBXResourcesBuildPhase section */

/* Begin PBXSourcesBuildPhase section */
		4731F21F27D2483800B7D1BF /* Sources */ = {
			isa = PBXSourcesBuildPhase;
			buildActionMask = 2147483647;
			files = (
				4731F22927D2483800B7D1BF /* ContentView.swift in Sources */,
				4731F25427D24BDC00B7D1BF /* OffsetModifier.swift in Sources */,
				4731F25227D248B800B7D1BF /* Home.swift in Sources */,
				4731F22727D2483800B7D1BF /* UI_493App.swift in Sources */,
			);
			runOnlyForDeploymentPostprocessing = 0;
		};
		4731F22F27D2483900B7D1BF /* Sources */ = {
			isa = PBXSourcesBuildPhase;
			buildActionMask = 2147483647;
			files = (
				4731F23827D2483900B7D1BF /* UI_493Tests.swift in Sources */,
			);
			runOnlyForDeploymentPostprocessing = 0;
		};
		4731F23927D2483900B7D1BF /* Sources */ = {
			isa = PBXSourcesBuildPhase;
			buildActionMask = 2147483647;
			files = (
				4731F24227D2483900B7D1BF /* UI_493UITests.swift in Sources */,
				4731F24427D2483900B7D1BF /* UI_493UITestsLaunchTests.swift in Sources */,
			);
			runOnlyForDeploymentPostprocessing = 0;
		};
/* End PBXSourcesBuildPhase section */

/* Begin PBXTargetDependency section */
		4731F23527D2483900B7D1BF /* PBXTargetDependency */ = {
			isa = PBXTargetDependency;
			target = 4731F22227D2483800B7D1BF /* UI-493 */;
			targetProxy = 4731F23427D2483900B7D1BF /* PBXContainerItemProxy */;
		};
		4731F23F27D2483900B7D1BF /* PBXTargetDependency */ = {
			isa = PBXTargetDependency;
			target = 4731F22227D2483800B7D1BF /* UI-493 */;
			targetProxy = 4731F23E27D2483900B7D1BF /* PBXContainerItemProxy */;
		};
/* End PBXTargetDependency section */

/* Begin XCBuildConfiguration section */
		4731F24527D2483900B7D1BF /* Debug */ = {
			isa = XCBuildConfiguration;
			buildSettings = {
				ALWAYS_SEARCH_USER_PATHS = NO;
				CLANG_ANALYZER_NONNULL = YES;
				CLANG_ANALYZER_NUMBER_OBJECT_CONVERSION = YES_AGGRESSIVE;
				CLANG_CXX_LANGUAGE_STANDARD = "gnu++17";
				CLANG_ENABLE_MODULES = YES;
				CLANG_ENABLE_OBJC_ARC = YES;
				CLANG_ENABLE_OBJC_WEAK = YES;
				CLANG_WARN_BLOCK_CAPTURE_AUTORELEASING = YES;
				CLANG_WARN_BOOL_CONVERSION = YES;
				CLANG_WARN_COMMA = YES;
				CLANG_WARN_CONSTANT_CONVERSION = YES;
				CLANG_WARN_DEPRECATED_OBJC_IMPLEMENTATIONS = YES;
				CLANG_WARN_DIRECT_OBJC_ISA_USAGE = YES_ERROR;
				CLANG_WARN_DOCUMENTATION_COMMENTS = YES;
				CLANG_WARN_EMPTY_BODY = YES;
				CLANG_WARN_ENUM_CONVERSION = YES;
				CLANG_WARN_INFINITE_RECURSION = YES;
				CLANG_WARN_INT_CONVERSION = YES;
				CLANG_WARN_NON_LITERAL_NULL_CONVERSION = YES;
				CLANG_WARN_OBJC_IMPLICIT_RETAIN_SELF = YES;
				CLANG_WARN_OBJC_LITERAL_CONVERSION = YES;
				CLANG_WARN_OBJC_ROOT_CLASS = YES_ERROR;
				CLANG_WARN_QUOTED_INCLUDE_IN_FRAMEWORK_HEADER = YES;
				CLANG_WARN_RANGE_LOOP_ANALYSIS = YES;
				CLANG_WARN_STRICT_PROTOTYPES = YES;
				CLANG_WARN_SUSPICIOUS_MOVE = YES;
				CLANG_WARN_UNGUARDED_AVAILABILITY = YES_AGGRESSIVE;
				CLANG_WARN_UNREACHABLE_CODE = YES;
				CLANG_WARN__DUPLICATE_METHOD_MATCH = YES;
				COPY_PHASE_STRIP = NO;
				DEBUG_INFORMATION_FORMAT = dwarf;
				ENABLE_STRICT_OBJC_MSGSEND = YES;
				ENABLE_TESTABILITY = YES;
				GCC_C_LANGUAGE_STANDARD = gnu11;
				GCC_DYNAMIC_NO_PIC = NO;
				GCC_NO_COMMON_BLOCKS = YES;
				GCC_OPTIMIZATION_LEVEL = 0;
				GCC_PREPROCESSOR_DEFINITIONS = (
					"DEBUG=1",
					"$(inherited)",
				);
				GCC_WARN_64_TO_32_BIT_CONVERSION = YES;
				GCC_WARN_ABOUT_RETURN_TYPE = YES_ERROR;
				GCC_WARN_UNDECLARED_SELECTOR = YES;
				GCC_WARN_UNINITIALIZED_AUTOS = YES_AGGRESSIVE;
				GCC_WARN_UNUSED_FUNCTION = YES;
				GCC_WARN_UNUSED_VARIABLE = YES;
				IPHONEOS_DEPLOYMENT_TARGET = 15.4;
				MTL_ENABLE_DEBUG_INFO = INCLUDE_SOURCE;
				MTL_FAST_MATH = YES;
				ONLY_ACTIVE_ARCH = YES;
				SDKROOT = iphoneos;
				SWIFT_ACTIVE_COMPILATION_CONDITIONS = DEBUG;
				SWIFT_OPTIMIZATION_LEVEL = "-Onone";
			};
			name = Debug;
		};
		4731F24627D2483900B7D1BF /* Release */ = {
			isa = XCBuildConfiguration;
			buildSettings = {
				ALWAYS_SEARCH_USER_PATHS = NO;
				CLANG_ANALYZER_NONNULL = YES;
				CLANG_ANALYZER_NUMBER_OBJECT_CONVERSION = YES_AGGRESSIVE;
				CLANG_CXX_LANGUAGE_STANDARD = "gnu++17";
				CLANG_ENABLE_MODULES = YES;
				CLANG_ENABLE_OBJC_ARC = YES;
				CLANG_ENABLE_OBJC_WEAK = YES;
				CLANG_WARN_BLOCK_CAPTURE_AUTORELEASING = YES;
				CLANG_WARN_BOOL_CONVERSION = YES;
				CLANG_WARN_COMMA = YES;
				CLANG_WARN_CONSTANT_CONVERSION = YES;
				CLANG_WARN_DEPRECATED_OBJC_IMPLEMENTATIONS = YES;
				CLANG_WARN_DIRECT_OBJC_ISA_USAGE = YES_ERROR;
				CLANG_WARN_DOCUMENTATION_COMMENTS = YES;
				CLANG_WARN_EMPTY_BODY = YES;
				CLANG_WARN_ENUM_CONVERSION = YES;
				CLANG_WARN_INFINITE_RECURSION = YES;
				CLANG_WARN_INT_CONVERSION = YES;
				CLANG_WARN_NON_LITERAL_NULL_CONVERSION = YES;
				CLANG_WARN_OBJC_IMPLICIT_RETAIN_SELF = YES;
				CLANG_WARN_OBJC_LITERAL_CONVERSION = YES;
				CLANG_WARN_OBJC_ROOT_CLASS = YES_ERROR;
				CLANG_WARN_QUOTED_INCLUDE_IN_FRAMEWORK_HEADER = YES;
				CLANG_WARN_RANGE_LOOP_ANALYSIS = YES;
				CLANG_WARN_STRICT_PROTOTYPES = YES;
				CLANG_WARN_SUSPICIOUS_MOVE = YES;
				CLANG_WARN_UNGUARDED_AVAILABILITY = YES_AGGRESSIVE;
				CLANG_WARN_UNREACHABLE_CODE = YES;
				CLANG_WARN__DUPLICATE_METHOD_MATCH = YES;
				COPY_PHASE_STRIP = NO;
				DEBUG_INFORMATION_FORMAT = "dwarf-with-dsym";
				ENABLE_NS_ASSERTIONS = NO;
				ENABLE_STRICT_OBJC_MSGSEND = YES;
				GCC_C_LANGUAGE_STANDARD = gnu11;
				GCC_NO_COMMON_BLOCKS = YES;
				GCC_WARN_64_TO_32_BIT_CONVERSION = YES;
				GCC_WARN_ABOUT_RETURN_TYPE = YES_ERROR;
				GCC_WARN_UNDECLARED_SELECTOR = YES;
				GCC_WARN_UNINITIALIZED_AUTOS = YES_AGGRESSIVE;
				GCC_WARN_UNUSED_FUNCTION = YES;
				GCC_WARN_UNUSED_VARIABLE = YES;
				IPHONEOS_DEPLOYMENT_TARGET = 15.4;
				MTL_ENABLE_DEBUG_INFO = NO;
				MTL_FAST_MATH = YES;
				SDKROOT = iphoneos;
				SWIFT_COMPILATION_MODE = wholemodule;
				SWIFT_OPTIMIZATION_LEVEL = "-O";
				VALIDATE_PRODUCT = YES;
			};
			name = Release;
		};
		4731F24827D2483900B7D1BF /* Debug */ = {
			isa = XCBuildConfiguration;
			buildSettings = {
				ASSETCATALOG_COMPILER_APPICON_NAME = AppIcon;
				ASSETCATALOG_COMPILER_GLOBAL_ACCENT_COLOR_NAME = AccentColor;
				CODE_SIGN_STYLE = Automatic;
				CURRENT_PROJECT_VERSION = 1;
				DEVELOPMENT_ASSET_PATHS = "\"UI-493/Preview Content\"";
				DEVELOPMENT_TEAM = 8CL4U468K5;
				ENABLE_PREVIEWS = YES;
				GENERATE_INFOPLIST_FILE = YES;
				INFOPLIST_KEY_UIApplicationSceneManifest_Generation = YES;
				INFOPLIST_KEY_UIApplicationSupportsIndirectInputEvents = YES;
				INFOPLIST_KEY_UILaunchScreen_Generation = YES;
				INFOPLIST_KEY_UISupportedInterfaceOrientations_iPad = "UIInterfaceOrientationPortrait UIInterfaceOrientationPortraitUpsideDown UIInterfaceOrientationLandscapeLeft UIInterfaceOrientationLandscapeRight";
				INFOPLIST_KEY_UISupportedInterfaceOrientations_iPhone = "UIInterfaceOrientationPortrait UIInterfaceOrientationLandscapeLeft UIInterfaceOrientationLandscapeRight";
				LD_RUNPATH_SEARCH_PATHS = (
					"$(inherited)",
					"@executable_path/Frameworks",
				);
				MARKETING_VERSION = 1.0;
				PRODUCT_BUNDLE_IDENTIFIER = "com.585.UI-493";
				PRODUCT_NAME = "$(TARGET_NAME)";
				SWIFT_EMIT_LOC_STRINGS = YES;
				SWIFT_VERSION = 5.0;
				TARGETED_DEVICE_FAMILY = "1,2";
			};
			name = Debug;
		};
		4731F24927D2483900B7D1BF /* Release */ = {
			isa = XCBuildConfiguration;
			buildSettings = {
				ASSETCATALOG_COMPILER_APPICON_NAME = AppIcon;
				ASSETCATALOG_COMPILER_GLOBAL_ACCENT_COLOR_NAME = AccentColor;
				CODE_SIGN_STYLE = Automatic;
				CURRENT_PROJECT_VERSION = 1;
				DEVELOPMENT_ASSET_PATHS = "\"UI-493/Preview Content\"";
				DEVELOPMENT_TEAM = 8CL4U468K5;
				ENABLE_PREVIEWS = YES;
				GENERATE_INFOPLIST_FILE = YES;
				INFOPLIST_KEY_UIApplicationSceneManifest_Generation = YES;
				INFOPLIST_KEY_UIApplicationSupportsIndirectInputEvents = YES;
				INFOPLIST_KEY_UILaunchScreen_Generation = YES;
				INFOPLIST_KEY_UISupportedInterfaceOrientations_iPad = "UIInterfaceOrientationPortrait UIInterfaceOrientationPortraitUpsideDown UIInterfaceOrientationLandscapeLeft UIInterfaceOrientationLandscapeRight";
				INFOPLIST_KEY_UISupportedInterfaceOrientations_iPhone = "UIInterfaceOrientationPortrait UIInterfaceOrientationLandscapeLeft UIInterfaceOrientationLandscapeRight";
				LD_RUNPATH_SEARCH_PATHS = (
					"$(inherited)",
					"@executable_path/Frameworks",
				);
				MARKETING_VERSION = 1.0;
				PRODUCT_BUNDLE_IDENTIFIER = "com.585.UI-493";
				PRODUCT_NAME = "$(TARGET_NAME)";
				SWIFT_EMIT_LOC_STRINGS = YES;
				SWIFT_VERSION = 5.0;
				TARGETED_DEVICE_FAMILY = "1,2";
			};
			name = Release;
		};
		4731F24B27D2483900B7D1BF /* Debug */ = {
			isa = XCBuildConfiguration;
			buildSettings = {
				ALWAYS_EMBED_SWIFT_STANDARD_LIBRARIES = YES;
				BUNDLE_LOADER = "$(TEST_HOST)";
				CODE_SIGN_STYLE = Automatic;
				CURRENT_PROJECT_VERSION = 1;
				DEVELOPMENT_TEAM = 8CL4U468K5;
				GENERATE_INFOPLIST_FILE = YES;
				IPHONEOS_DEPLOYMENT_TARGET = 15.4;
				MARKETING_VERSION = 1.0;
				PRODUCT_BUNDLE_IDENTIFIER = "com.585.UI-493Tests";
				PRODUCT_NAME = "$(TARGET_NAME)";
				SWIFT_EMIT_LOC_STRINGS = NO;
				SWIFT_VERSION = 5.0;
				TARGETED_DEVICE_FAMILY = "1,2";
				TEST_HOST = "$(BUILT_PRODUCTS_DIR)/UI-493.app/UI-493";
			};
			name = Debug;
		};
		4731F24C27D2483900B7D1BF /* Release */ = {
			isa = XCBuildConfiguration;
			buildSettings = {
				ALWAYS_EMBED_SWIFT_STANDARD_LIBRARIES = YES;
				BUNDLE_LOADER = "$(TEST_HOST)";
				CODE_SIGN_STYLE = Automatic;
				CURRENT_PROJECT_VERSION = 1;
				DEVELOPMENT_TEAM = 8CL4U468K5;
				GENERATE_INFOPLIST_FILE = YES;
				IPHONEOS_DEPLOYMENT_TARGET = 15.4;
				MARKETING_VERSION = 1.0;
				PRODUCT_BUNDLE_IDENTIFIER = "com.585.UI-493Tests";
				PRODUCT_NAME = "$(TARGET_NAME)";
				SWIFT_EMIT_LOC_STRINGS = NO;
				SWIFT_VERSION = 5.0;
				TARGETED_DEVICE_FAMILY = "1,2";
				TEST_HOST = "$(BUILT_PRODUCTS_DIR)/UI-493.app/UI-493";
			};
			name = Release;
		};
		4731F24E27D2483900B7D1BF /* Debug */ = {
			isa = XCBuildConfiguration;
			buildSettings = {
				ALWAYS_EMBED_SWIFT_STANDARD_LIBRARIES = YES;
				CODE_SIGN_STYLE = Automatic;
				CURRENT_PROJECT_VERSION = 1;
				DEVELOPMENT_TEAM = 8CL4U468K5;
				GENERATE_INFOPLIST_FILE = YES;
				MARKETING_VERSION = 1.0;
				PRODUCT_BUNDLE_IDENTIFIER = "com.585.UI-493UITests";
				PRODUCT_NAME = "$(TARGET_NAME)";
				SWIFT_EMIT_LOC_STRINGS = NO;
				SWIFT_VERSION = 5.0;
				TARGETED_DEVICE_FAMILY = "1,2";
				TEST_TARGET_NAME = "UI-493";
			};
			name = Debug;
		};
		4731F24F27D2483900B7D1BF /* Release */ = {
			isa = XCBuildConfiguration;
			buildSettings = {
				ALWAYS_EMBED_SWIFT_STANDARD_LIBRARIES = YES;
				CODE_SIGN_STYLE = Automatic;
				CURRENT_PROJECT_VERSION = 1;
				DEVELOPMENT_TEAM = 8CL4U468K5;
				GENERATE_INFOPLIST_FILE = YES;
				MARKETING_VERSION = 1.0;
				PRODUCT_BUNDLE_IDENTIFIER = "com.585.UI-493UITests";
				PRODUCT_NAME = "$(TARGET_NAME)";
				SWIFT_EMIT_LOC_STRINGS = NO;
				SWIFT_VERSION = 5.0;
				TARGETED_DEVICE_FAMILY = "1,2";
				TEST_TARGET_NAME = "UI-493";
			};
			name = Release;
		};
/* End XCBuildConfiguration section */

/* Begin XCConfigurationList section */
		4731F21E27D2483800B7D1BF /* Build configuration list for PBXProject "UI-493" */ = {
			isa = XCConfigurationList;
			buildConfigurations = (
				4731F24527D2483900B7D1BF /* Debug */,
				4731F24627D2483900B7D1BF /* Release */,
			);
			defaultConfigurationIsVisible = 0;
			defaultConfigurationName = Release;
		};
		4731F24727D2483900B7D1BF /* Build configuration list for PBXNativeTarget "UI-493" */ = {
			isa = XCConfigurationList;
			buildConfigurations = (
				4731F24827D2483900B7D1BF /* Debug */,
				4731F24927D2483900B7D1BF /* Release */,
			);
			defaultConfigurationIsVisible = 0;
			defaultConfigurationName = Release;
		};
		4731F24A27D2483900B7D1BF /* Build configuration list for PBXNativeTarget "UI-493Tests" */ = {
			isa = XCConfigurationList;
			buildConfigurations = (
				4731F24B27D2483900B7D1BF /* Debug */,
				4731F24C27D2483900B7D1BF /* Release */,
			);
			defaultConfigurationIsVisible = 0;
			defaultConfigurationName = Release;
		};
		4731F24D27D2483900B7D1BF /* Build configuration list for PBXNativeTarget "UI-493UITests" */ = {
			isa = XCConfigurationList;
			buildConfigurations = (
				4731F24E27D2483900B7D1BF /* Debug */,
				4731F24F27D2483900B7D1BF /* Release */,
			);
			defaultConfigurationIsVisible = 0;
			defaultConfigurationName = Release;
		};
/* End XCConfigurationList section */
	};
	rootObject = 4731F21B27D2483800B7D1BF /* Project object */;
}
